
Microsoft Visual Studio Solution File, Format Version 12.00
# Visual Studio Version 17
VisualStudioVersion = 17.0.31903.59
MinimumVisualStudioVersion = 10.0.40219.1
Project("{FAE04EC0-301F-11D3-BF4B-00C04F79EFBC}") = "estacionamento-notification.API", "estacionamento-notification.API\estacionamento-notification.API.csproj", "{0F7B74E9-08F3-4F65-9E02-9F729CBFF3A7}"
EndProject
Project("{FAE04EC0-301F-11D3-BF4B-00C04F79EFBC}") = "estacionamento-notification.Application", "estacionamento-notification.Application\estacionamento-notification.Application.csproj", "{54642467-8B49-4ACC-9E60-EB7BA5687B99}"
EndProject
Project("{FAE04EC0-301F-11D3-BF4B-00C04F79EFBC}") = "estacionamento-notification.Domain", "estacionamento-notification.Domain\estacionamento-notification.Domain.csproj", "{ADD72546-FC52-4B44-A89F-E8168BABB260}"
EndProject
Project("{FAE04EC0-301F-11D3-BF4B-00C04F79EFBC}") = "estacionamento-notification.Infrastructure", "estacionamento-notification.Infrastructure\estacionamento-notification.Infrastructure.csproj", "{8611B180-51F6-405F-8429-5E862BB76387}"
EndProject
Global
	GlobalSection(SolutionConfigurationPlatforms) = preSolution
		Debug|Any CPU = Debug|Any CPU
		Debug|x64 = Debug|x64
		Debug|x86 = Debug|x86
		Release|Any CPU = Release|Any CPU
		Release|x64 = Release|x64
		Release|x86 = Release|x86
	EndGlobalSection
	GlobalSection(ProjectConfigurationPlatforms) = postSolution
		{0F7B74E9-08F3-4F65-9E02-9F729CBFF3A7}.Debug|Any CPU.ActiveCfg = Debug|Any CPU
		{0F7B74E9-08F3-4F65-9E02-9F729CBFF3A7}.Debug|Any CPU.Build.0 = Debug|Any CPU
		{0F7B74E9-08F3-4F65-9E02-9F729CBFF3A7}.Debug|x64.ActiveCfg = Debug|Any CPU
		{0F7B74E9-08F3-4F65-9E02-9F729CBFF3A7}.Debug|x64.Build.0 = Debug|Any CPU
		{0F7B74E9-08F3-4F65-9E02-9F729CBFF3A7}.Debug|x86.ActiveCfg = Debug|Any CPU
		{0F7B74E9-08F3-4F65-9E02-9F729CBFF3A7}.Debug|x86.Build.0 = Debug|Any CPU
		{0F7B74E9-08F3-4F65-9E02-9F729CBFF3A7}.Release|Any CPU.ActiveCfg = Release|Any CPU
		{0F7B74E9-08F3-4F65-9E02-9F729CBFF3A7}.Release|Any CPU.Build.0 = Release|Any CPU
		{0F7B74E9-08F3-4F65-9E02-9F729CBFF3A7}.Release|x64.ActiveCfg = Release|Any CPU
		{0F7B74E9-08F3-4F65-9E02-9F729CBFF3A7}.Release|x64.Build.0 = Release|Any CPU
		{0F7B74E9-08F3-4F65-9E02-9F729CBFF3A7}.Release|x86.ActiveCfg = Release|Any CPU
		{0F7B74E9-08F3-4F65-9E02-9F729CBFF3A7}.Release|x86.Build.0 = Release|Any CPU
		{54642467-8B49-4ACC-9E60-EB7BA5687B99}.Debug|Any CPU.ActiveCfg = Debug|Any CPU
		{54642467-8B49-4ACC-9E60-EB7BA5687B99}.Debug|Any CPU.Build.0 = Debug|Any CPU
		{54642467-8B49-4ACC-9E60-EB7BA5687B99}.Debug|x64.ActiveCfg = Debug|Any CPU
		{54642467-8B49-4ACC-9E60-EB7BA5687B99}.Debug|x64.Build.0 = Debug|Any CPU
		{54642467-8B49-4ACC-9E60-EB7BA5687B99}.Debug|x86.ActiveCfg = Debug|Any CPU
		{54642467-8B49-4ACC-9E60-EB7BA5687B99}.Debug|x86.Build.0 = Debug|Any CPU
		{54642467-8B49-4ACC-9E60-EB7BA5687B99}.Release|Any CPU.ActiveCfg = Release|Any CPU
		{54642467-8B49-4ACC-9E60-EB7BA5687B99}.Release|Any CPU.Build.0 = Release|Any CPU
		{54642467-8B49-4ACC-9E60-EB7BA5687B99}.Release|x64.ActiveCfg = Release|Any CPU
		{54642467-8B49-4ACC-9E60-EB7BA5687B99}.Release|x64.Build.0 = Release|Any CPU
		{54642467-8B49-4ACC-9E60-EB7BA5687B99}.Release|x86.ActiveCfg = Release|Any CPU
		{54642467-8B49-4ACC-9E60-EB7BA5687B99}.Release|x86.Build.0 = Release|Any CPU
		{ADD72546-FC52-4B44-A89F-E8168BABB260}.Debug|Any CPU.ActiveCfg = Debug|Any CPU
		{ADD72546-FC52-4B44-A89F-E8168BABB260}.Debug|Any CPU.Build.0 = Debug|Any CPU
		{ADD72546-FC52-4B44-A89F-E8168BABB260}.Debug|x64.ActiveCfg = Debug|Any CPU
		{ADD72546-FC52-4B44-A89F-E8168BABB260}.Debug|x64.Build.0 = Debug|Any CPU
		{ADD72546-FC52-4B44-A89F-E8168BABB260}.Debug|x86.ActiveCfg = Debug|Any CPU
		{ADD72546-FC52-4B44-A89F-E8168BABB260}.Debug|x86.Build.0 = Debug|Any CPU
		{ADD72546-FC52-4B44-A89F-E8168BABB260}.Release|Any CPU.ActiveCfg = Release|Any CPU
		{ADD72546-FC52-4B44-A89F-E8168BABB260}.Release|Any CPU.Build.0 = Release|Any CPU
		{ADD72546-FC52-4B44-A89F-E8168BABB260}.Release|x64.ActiveCfg = Release|Any CPU
		{ADD72546-FC52-4B44-A89F-E8168BABB260}.Release|x64.Build.0 = Release|Any CPU
		{ADD72546-FC52-4B44-A89F-E8168BABB260}.Release|x86.ActiveCfg = Release|Any CPU
		{ADD72546-FC52-4B44-A89F-E8168BABB260}.Release|x86.Build.0 = Release|Any CPU
		{8611B180-51F6-405F-8429-5E862BB76387}.Debug|Any CPU.ActiveCfg = Debug|Any CPU
		{8611B180-51F6-405F-8429-5E862BB76387}.Debug|Any CPU.Build.0 = Debug|Any CPU
		{8611B180-51F6-405F-8429-5E862BB76387}.Debug|x64.ActiveCfg = Debug|Any CPU
		{8611B180-51F6-405F-8429-5E862BB76387}.Debug|x64.Build.0 = Debug|Any CPU
		{8611B180-51F6-405F-8429-5E862BB76387}.Debug|x86.ActiveCfg = Debug|Any CPU
		{8611B180-51F6-405F-8429-5E862BB76387}.Debug|x86.Build.0 = Debug|Any CPU
		{8611B180-51F6-405F-8429-5E862BB76387}.Release|Any CPU.ActiveCfg = Release|Any CPU
		{8611B180-51F6-405F-8429-5E862BB76387}.Release|Any CPU.Build.0 = Release|Any CPU
		{8611B180-51F6-405F-8429-5E862BB76387}.Release|x64.ActiveCfg = Release|Any CPU
		{8611B180-51F6-405F-8429-5E862BB76387}.Release|x64.Build.0 = Release|Any CPU
		{8611B180-51F6-405F-8429-5E862BB76387}.Release|x86.ActiveCfg = Release|Any CPU
		{8611B180-51F6-405F-8429-5E862BB76387}.Release|x86.Build.0 = Release|Any CPU
	EndGlobalSection
	GlobalSection(SolutionProperties) = preSolution
		HideSolutionNode = FALSE
	EndGlobalSection
EndGlobal
